# Generated by pub
# See https://dart.dev/tools/pub/glossary#lockfile
packages:
  args:
    dependency: "direct main"
    description:
      name: args
      url: "https://pub.dartlang.org"
    source: hosted
    version: "1.5.2"
  asn1lib:
    dependency: transitive
    description:
      name: asn1lib
      url: "https://pub.dartlang.org"
    source: hosted
    version: "0.5.15"
  async:
    dependency: transitive
    description:
      name: async
      url: "https://pub.dartlang.org"
    source: hosted
    version: "2.4.0"
  bip32:
    dependency: transitive
    description:
      name: bip32
      url: "https://pub.dartlang.org"
    source: hosted
    version: "1.0.5"
  bip39:
    dependency: transitive
    description:
      name: bip39
      url: "https://pub.dartlang.org"
    source: hosted
    version: "1.0.3"
  bs58check:
    dependency: transitive
    description:
      name: bs58check
      url: "https://pub.dartlang.org"
    source: hosted
    version: "1.0.1"
  buffer:
    dependency: transitive
    description:
      name: buffer
      url: "https://pub.dartlang.org"
    source: hosted
    version: "1.0.6"
  charcode:
    dependency: transitive
    description:
      name: charcode
      url: "https://pub.dartlang.org"
    source: hosted
    version: "1.1.2"
  collection:
    dependency: transitive
    description:
      name: collection
      url: "https://pub.dartlang.org"
    source: hosted
    version: "1.14.12"
  console:
    dependency: "direct main"
    description:
      name: console
      url: "https://pub.dartlang.org"
    source: hosted
    version: "3.1.0"
  convert:
    dependency: transitive
    description:
      name: convert
      url: "https://pub.dartlang.org"
    source: hosted
    version: "2.1.1"
  cruzawl:
    dependency: "direct main"
    description:
      path: ".."
      relative: true
    source: path
    version: "1.0.9+9"
  crypto:
    dependency: transitive
    description:
      name: crypto
      url: "https://pub.dartlang.org"
    source: hosted
    version: "2.1.4"
  dartssh:
    dependency: transitive
    description:
      path: "."
      ref: HEAD
      resolved-ref: d209ba2015937f0605d5eb254dc16baebbdab30f
      url: "https://github.com/GreenAppers/dartssh"
    source: git
    version: "1.0.4+4"
  ed25519_hd_key:
    dependency: transitive
    description:
      path: "."
      ref: HEAD
      resolved-ref: "850d0a0061d43cb7e1729901a2edd3c45b02b2c2"
      url: "https://github.com/GreenAppers/dart-ed25519-hd-key"
    source: git
    version: "1.0.1"
  equatable:
    dependency: transitive
    description:
      name: equatable
      url: "https://pub.dartlang.org"
    source: hosted
    version: "0.2.6"
  ethereum_util:
    dependency: transitive
    description:
      path: "."
      ref: HEAD
      resolved-ref: "88d2b73cb7f8b4f70b9b5594150abb56268185f6"
      url: "https://github.com/GreenAppers/ethereum_util"
    source: git
    version: "1.2.0"
  fixnum:
    dependency: transitive
    description:
      name: fixnum
      url: "https://pub.dartlang.org"
    source: hosted
    version: "0.10.11"
  hex:
    dependency: transitive
    description:
      name: hex
      url: "https://pub.dartlang.org"
    source: hosted
    version: "0.1.2"
  http:
    dependency: transitive
    description:
      name: http
      url: "https://pub.dartlang.org"
    source: hosted
    version: "0.12.0+4"
  http_parser:
    dependency: transitive
    description:
      name: http_parser
      url: "https://pub.dartlang.org"
    source: hosted
    version: "3.1.3"
  json_annotation:
    dependency: transitive
    description:
      name: json_annotation
      url: "https://pub.dartlang.org"
    source: hosted
    version: "3.0.1"
  matcher:
    dependency: transitive
    description:
      name: matcher
      url: "https://pub.dartlang.org"
    source: hosted
    version: "0.12.6"
  merkletree:
    dependency: transitive
    description:
      name: merkletree
      url: "https://pub.dartlang.org"
    source: hosted
    version: "1.0.3"
  meta:
    dependency: transitive
    description:
      name: meta
      url: "https://pub.dartlang.org"
    source: hosted
    version: "1.1.8"
  path:
    dependency: transitive
    description:
      name: path
      url: "https://pub.dartlang.org"
    source: hosted
    version: "1.6.4"
  pedantic:
    dependency: transitive
    description:
      name: pedantic
      url: "https://pub.dartlang.org"
    source: hosted
    version: "1.9.0"
  pointycastle:
    dependency: transitive
    description:
      name: pointycastle
      url: "https://pub.dartlang.org"
    source: hosted
    version: "1.0.2"
  quiver:
    dependency: transitive
    description:
      name: quiver
      url: "https://pub.dartlang.org"
    source: hosted
    version: "2.1.2+1"
  sembast:
    dependency: transitive
    description:
      name: sembast
      url: "https://pub.dartlang.org"
    source: hosted
    version: "2.1.2+3"
  source_span:
    dependency: transitive
    description:
      name: source_span
      url: "https://pub.dartlang.org"
    source: hosted
    version: "1.5.5"
  stack_trace:
    dependency: transitive
    description:
      name: stack_trace
      url: "https://pub.dartlang.org"
    source: hosted
    version: "1.9.3"
  string_scanner:
    dependency: transitive
    description:
      name: string_scanner
      url: "https://pub.dartlang.org"
    source: hosted
    version: "1.0.5"
  synchronized:
    dependency: transitive
    description:
      name: synchronized
      url: "https://pub.dartlang.org"
    source: hosted
    version: "2.1.1"
  term_glyph:
    dependency: transitive
    description:
      name: term_glyph
      url: "https://pub.dartlang.org"
    source: hosted
    version: "1.1.0"
  tweetnacl:
    dependency: transitive
    description:
      path: "."
      ref: HEAD
      resolved-ref: "14c6386326ad46f7e6d3c62f4796c07403f918a9"
      url: "https://github.com/GreenAppers/tweetnacl-dart"
    source: git
    version: "0.3.2"
  tweetnacl_musig:
    dependency: transitive
    description:
      path: "."
      ref: HEAD
      resolved-ref: "25a071fb6378ea54f61c012e02519c8c4419e0e2"
      url: "https://github.com/GreenAppers/tweetnacl-musig"
    source: git
    version: "1.0.0+0"
  typed_data:
    dependency: transitive
    description:
      name: typed_data
      url: "https://pub.dartlang.org"
    source: hosted
    version: "1.1.6"
  validators:
    dependency: transitive
    description:
      name: validators
      url: "https://pub.dartlang.org"
    source: hosted
    version: "2.0.0+1"
  vector_math:
    dependency: transitive
    description:
      name: vector_math
      url: "https://pub.dartlang.org"
    source: hosted
    version: "2.0.8"
sdks:
  dart: ">=2.6.0 <3.0.0"
