# Generated by pub
# See https://dart.dev/tools/pub/glossary#lockfile
packages:
  args:
    dependency: transitive
    description:
      name: args
      url: "https://pub.dartlang.org"
    source: hosted
    version: "1.5.2"
  asn1lib:
    dependency: transitive
    description:
      name: asn1lib
      url: "https://pub.dartlang.org"
    source: hosted
    version: "0.5.14"
  async:
    dependency: transitive
    description:
      name: async
      url: "https://pub.dartlang.org"
    source: hosted
    version: "2.4.0"
  bip32:
    dependency: transitive
    description:
      name: bip32
      url: "https://pub.dartlang.org"
    source: hosted
    version: "1.0.5"
  bip39:
    dependency: transitive
    description:
      name: bip39
      url: "https://pub.dartlang.org"
    source: hosted
    version: "1.0.3"
  bs58check:
    dependency: transitive
    description:
      name: bs58check
      url: "https://pub.dartlang.org"
    source: hosted
    version: "1.0.1"
  buffer:
    dependency: transitive
    description:
      name: buffer
      url: "https://pub.dartlang.org"
    source: hosted
    version: "1.0.6"
  charcode:
    dependency: transitive
    description:
      name: charcode
      url: "https://pub.dartlang.org"
    source: hosted
    version: "1.1.2"
  cli_repl:
    dependency: transitive
    description:
      name: cli_repl
      url: "https://pub.dartlang.org"
    source: hosted
    version: "0.2.0+1"
  collection:
    dependency: transitive
    description:
      name: collection
      url: "https://pub.dartlang.org"
    source: hosted
    version: "1.14.12"
  colorize:
    dependency: transitive
    description:
      name: colorize
      url: "https://pub.dartlang.org"
    source: hosted
    version: "2.0.0"
  convert:
    dependency: transitive
    description:
      name: convert
      url: "https://pub.dartlang.org"
    source: hosted
    version: "2.1.1"
  cruzawl:
    dependency: "direct main"
    description:
      path: ".."
      relative: true
    source: path
    version: "1.0.9+9"
  crypto:
    dependency: transitive
    description:
      name: crypto
      url: "https://pub.dartlang.org"
    source: hosted
    version: "2.1.3"
  dart2_constant:
    dependency: transitive
    description:
      name: dart2_constant
      url: "https://pub.dartlang.org"
    source: hosted
    version: "1.0.2+dart2"
  dartssh:
    dependency: transitive
    description:
      path: "."
      ref: HEAD
      resolved-ref: "51d3c62761704f53a3906d540d3fb0534f1756d2"
      url: "https://github.com/GreenAppers/dartssh"
    source: git
    version: "1.0.0+0"
  ed25519_hd_key:
    dependency: transitive
    description:
      path: "."
      ref: HEAD
      resolved-ref: "850d0a0061d43cb7e1729901a2edd3c45b02b2c2"
      url: "https://github.com/GreenAppers/dart-ed25519-hd-key"
    source: git
    version: "1.0.1"
  equatable:
    dependency: transitive
    description:
      name: equatable
      url: "https://pub.dartlang.org"
    source: hosted
    version: "0.2.6"
  ethereum_util:
    dependency: transitive
    description:
      path: "."
      ref: HEAD
      resolved-ref: "22b4a934e4f3b3134242acac849120c1e1f24ebe"
      url: "https://github.com/GreenAppers/ethereum_util"
    source: git
    version: "1.2.0"
  fixnum:
    dependency: transitive
    description:
      name: fixnum
      url: "https://pub.dartlang.org"
    source: hosted
    version: "0.10.11"
  fluri:
    dependency: transitive
    description:
      name: fluri
      url: "https://pub.dartlang.org"
    source: hosted
    version: "1.2.8"
  glob:
    dependency: transitive
    description:
      name: glob
      url: "https://pub.dartlang.org"
    source: hosted
    version: "1.2.0"
  hex:
    dependency: transitive
    description:
      name: hex
      url: "https://pub.dartlang.org"
    source: hosted
    version: "0.1.2"
  http:
    dependency: transitive
    description:
      name: http
      url: "https://pub.dartlang.org"
    source: hosted
    version: "0.12.0+2"
  http_parser:
    dependency: transitive
    description:
      name: http_parser
      url: "https://pub.dartlang.org"
    source: hosted
    version: "3.1.3"
  intl:
    dependency: transitive
    description:
      name: intl
      url: "https://pub.dartlang.org"
    source: hosted
    version: "0.15.8"
  js:
    dependency: transitive
    description:
      name: js
      url: "https://pub.dartlang.org"
    source: hosted
    version: "0.6.1+1"
  json_annotation:
    dependency: transitive
    description:
      name: json_annotation
      url: "https://pub.dartlang.org"
    source: hosted
    version: "3.0.0"
  json_schema:
    dependency: transitive
    description:
      name: json_schema
      url: "https://pub.dartlang.org"
    source: hosted
    version: "2.2.1"
  logging:
    dependency: transitive
    description:
      name: logging
      url: "https://pub.dartlang.org"
    source: hosted
    version: "0.11.3+2"
  matcher:
    dependency: transitive
    description:
      name: matcher
      url: "https://pub.dartlang.org"
    source: hosted
    version: "0.12.6"
  merkletree:
    dependency: transitive
    description:
      name: merkletree
      url: "https://pub.dartlang.org"
    source: hosted
    version: "1.0.3"
  meta:
    dependency: transitive
    description:
      name: meta
      url: "https://pub.dartlang.org"
    source: hosted
    version: "1.1.8"
  mime:
    dependency: transitive
    description:
      name: mime
      url: "https://pub.dartlang.org"
    source: hosted
    version: "0.9.6+3"
  node_interop:
    dependency: transitive
    description:
      name: node_interop
      url: "https://pub.dartlang.org"
    source: hosted
    version: "1.0.3"
  node_io:
    dependency: transitive
    description:
      name: node_io
      url: "https://pub.dartlang.org"
    source: hosted
    version: "1.0.1+2"
  package_config:
    dependency: transitive
    description:
      name: package_config
      url: "https://pub.dartlang.org"
    source: hosted
    version: "1.1.0"
  package_resolver:
    dependency: transitive
    description:
      name: package_resolver
      url: "https://pub.dartlang.org"
    source: hosted
    version: "1.0.10"
  path:
    dependency: transitive
    description:
      name: path
      url: "https://pub.dartlang.org"
    source: hosted
    version: "1.6.4"
  pedantic:
    dependency: transitive
    description:
      name: pedantic
      url: "https://pub.dartlang.org"
    source: hosted
    version: "1.8.0+1"
  pointycastle:
    dependency: transitive
    description:
      name: pointycastle
      url: "https://pub.dartlang.org"
    source: hosted
    version: "1.0.2"
  quiver:
    dependency: transitive
    description:
      name: quiver
      url: "https://pub.dartlang.org"
    source: hosted
    version: "2.1.2+1"
  sass:
    dependency: transitive
    description:
      name: sass
      url: "https://pub.dartlang.org"
    source: hosted
    version: "1.23.3"
  sembast:
    dependency: transitive
    description:
      name: sembast
      url: "https://pub.dartlang.org"
    source: hosted
    version: "2.1.1"
  sockjs_client:
    dependency: transitive
    description:
      path: "."
      ref: "0.3.5"
      resolved-ref: "2e8dc8d2fe8486d31b6e220277c94d746ced1691"
      url: "git://github.com/Workiva/sockjs-dart-client.git"
    source: git
    version: "0.3.5"
  sockjs_client_wrapper:
    dependency: transitive
    description:
      name: sockjs_client_wrapper
      url: "https://pub.dartlang.org"
    source: hosted
    version: "1.0.14"
  source_maps:
    dependency: transitive
    description:
      name: source_maps
      url: "https://pub.dartlang.org"
    source: hosted
    version: "0.10.8"
  source_span:
    dependency: transitive
    description:
      name: source_span
      url: "https://pub.dartlang.org"
    source: hosted
    version: "1.5.5"
  stack_trace:
    dependency: transitive
    description:
      name: stack_trace
      url: "https://pub.dartlang.org"
    source: hosted
    version: "1.9.3"
  stream_transform:
    dependency: transitive
    description:
      name: stream_transform
      url: "https://pub.dartlang.org"
    source: hosted
    version: "0.0.19"
  string_scanner:
    dependency: transitive
    description:
      name: string_scanner
      url: "https://pub.dartlang.org"
    source: hosted
    version: "1.0.5"
  synchronized:
    dependency: transitive
    description:
      name: synchronized
      url: "https://pub.dartlang.org"
    source: hosted
    version: "2.1.0+2"
  term_glyph:
    dependency: transitive
    description:
      name: term_glyph
      url: "https://pub.dartlang.org"
    source: hosted
    version: "1.1.0"
  tuple:
    dependency: transitive
    description:
      name: tuple
      url: "https://pub.dartlang.org"
    source: hosted
    version: "1.0.3"
  tweetnacl:
    dependency: transitive
    description:
      path: "."
      ref: HEAD
      resolved-ref: "14c6386326ad46f7e6d3c62f4796c07403f918a9"
      url: "https://github.com/GreenAppers/tweetnacl-dart"
    source: git
    version: "0.3.2"
  tweetnacl_musig:
    dependency: transitive
    description:
      path: "."
      ref: HEAD
      resolved-ref: "25a071fb6378ea54f61c012e02519c8c4419e0e2"
      url: "https://github.com/GreenAppers/tweetnacl-musig"
    source: git
    version: "1.0.0+0"
  typed_data:
    dependency: transitive
    description:
      name: typed_data
      url: "https://pub.dartlang.org"
    source: hosted
    version: "1.1.6"
  uri:
    dependency: transitive
    description:
      name: uri
      url: "https://pub.dartlang.org"
    source: hosted
    version: "0.11.3+1"
  utf:
    dependency: transitive
    description:
      name: utf
      url: "https://pub.dartlang.org"
    source: hosted
    version: "0.9.0+5"
  validators:
    dependency: transitive
    description:
      name: validators
      url: "https://pub.dartlang.org"
    source: hosted
    version: "2.0.0+1"
  w_common:
    dependency: transitive
    description:
      name: w_common
      url: "https://pub.dartlang.org"
    source: hosted
    version: "1.20.1"
  w_transport:
    dependency: transitive
    description:
      name: w_transport
      url: "https://pub.dartlang.org"
    source: hosted
    version: "3.2.8"
  watcher:
    dependency: transitive
    description:
      name: watcher
      url: "https://pub.dartlang.org"
    source: hosted
    version: "0.9.7+13"
sdks:
  dart: ">=2.4.0 <3.0.0"
