# Generated by pub
# See https://dart.dev/tools/pub/glossary#lockfile
packages:
  bip39:
    dependency: transitive
    description:
      name: bip39
      url: "https://pub.dartlang.org"
    source: hosted
    version: "1.0.3"
  charcode:
    dependency: transitive
    description:
      name: charcode
      url: "https://pub.dartlang.org"
    source: hosted
    version: "1.1.2"
  collection:
    dependency: transitive
    description:
      name: collection
      url: "https://pub.dartlang.org"
    source: hosted
    version: "1.14.11"
  convert:
    dependency: transitive
    description:
      name: convert
      url: "https://pub.dartlang.org"
    source: hosted
    version: "2.1.1"
  cruzawl:
    dependency: "direct main"
    description:
      path: ".."
      relative: true
    source: path
    version: "1.0.7+7"
  crypto:
    dependency: transitive
    description:
      name: crypto
      url: "https://pub.dartlang.org"
    source: hosted
    version: "2.1.1+1"
  ed25519_hd_key:
    dependency: transitive
    description:
      name: ed25519_hd_key
      url: "https://pub.dartlang.org"
    source: hosted
    version: "1.0.1"
  fixnum:
    dependency: transitive
    description:
      name: fixnum
      url: "https://pub.dartlang.org"
    source: hosted
    version: "0.10.9"
  hex:
    dependency: transitive
    description:
      name: hex
      url: "https://pub.dartlang.org"
    source: hosted
    version: "0.1.2"
  json_annotation:
    dependency: transitive
    description:
      name: json_annotation
      url: "https://pub.dartlang.org"
    source: hosted
    version: "3.0.0"
  logging:
    dependency: transitive
    description:
      name: logging
      url: "https://pub.dartlang.org"
    source: hosted
    version: "0.11.3+2"
  meta:
    dependency: transitive
    description:
      name: meta
      url: "https://pub.dartlang.org"
    source: hosted
    version: "1.1.7"
  path:
    dependency: transitive
    description:
      name: path
      url: "https://pub.dartlang.org"
    source: hosted
    version: "1.6.4"
  pointycastle:
    dependency: transitive
    description:
      name: pointycastle
      url: "https://pub.dartlang.org"
    source: hosted
    version: "1.0.1"
  sembast:
    dependency: transitive
    description:
      name: sembast
      url: "https://pub.dartlang.org"
    source: hosted
    version: "2.0.1"
  synchronized:
    dependency: transitive
    description:
      name: synchronized
      url: "https://pub.dartlang.org"
    source: hosted
    version: "2.1.0+1"
  tweetnacl:
    dependency: transitive
    description:
      name: tweetnacl
      url: "https://pub.dartlang.org"
    source: hosted
    version: "0.3.2"
  typed_data:
    dependency: transitive
    description:
      name: typed_data
      url: "https://pub.dartlang.org"
    source: hosted
    version: "1.1.6"
sdks:
  dart: ">=2.3.0 <3.0.0"
